// !$*UTF8*$!
{
	archiveVersion = 1;
	classes = {
	};
	objectVersion = 46;
	objects = {

/* Begin PBXBuildFile section */
		E84E6B101F1FFBC8007CF1A9 /* AppDelegate.swift in Sources */ = {isa = PBXBuildFile; fileRef = E84E6B0F1F1FFBC8007CF1A9 /* AppDelegate.swift */; };
		E84E6B121F1FFBC8007CF1A9 /* ViewController.swift in Sources */ = {isa = PBXBuildFile; fileRef = E84E6B111F1FFBC8007CF1A9 /* ViewController.swift */; };
		E84E6B151F1FFBC8007CF1A9 /* Main.storyboard in Resources */ = {isa = PBXBuildFile; fileRef = E84E6B131F1FFBC8007CF1A9 /* Main.storyboard */; };
		E84E6B171F1FFBC8007CF1A9 /* Assets.xcassets in Resources */ = {isa = PBXBuildFile; fileRef = E84E6B161F1FFBC8007CF1A9 /* Assets.xcassets */; };
		E84E6B1A1F1FFBC8007CF1A9 /* LaunchScreen.storyboard in Resources */ = {isa = PBXBuildFile; fileRef = E84E6B181F1FFBC8007CF1A9 /* LaunchScreen.storyboard */; };
		E84E6B2F1F1FFD25007CF1A9 /* AFHTTPSessionManager.m in Sources */ = {isa = PBXBuildFile; fileRef = E84E6B231F1FFD25007CF1A9 /* AFHTTPSessionManager.m */; };
		E84E6B301F1FFD25007CF1A9 /* AFNetworkReachabilityManager.m in Sources */ = {isa = PBXBuildFile; fileRef = E84E6B261F1FFD25007CF1A9 /* AFNetworkReachabilityManager.m */; };
		E84E6B311F1FFD25007CF1A9 /* AFSecurityPolicy.m in Sources */ = {isa = PBXBuildFile; fileRef = E84E6B281F1FFD25007CF1A9 /* AFSecurityPolicy.m */; };
		E84E6B321F1FFD25007CF1A9 /* AFURLRequestSerialization.m in Sources */ = {isa = PBXBuildFile; fileRef = E84E6B2A1F1FFD25007CF1A9 /* AFURLRequestSerialization.m */; };
		E84E6B331F1FFD25007CF1A9 /* AFURLResponseSerialization.m in Sources */ = {isa = PBXBuildFile; fileRef = E84E6B2C1F1FFD25007CF1A9 /* AFURLResponseSerialization.m */; };
		E84E6B341F1FFD25007CF1A9 /* AFURLSessionManager.m in Sources */ = {isa = PBXBuildFile; fileRef = E84E6B2E1F1FFD25007CF1A9 /* AFURLSessionManager.m */; };
		E84E6B4B1F2010FB007CF1A9 /* AFAutoPurgingImageCache.m in Sources */ = {isa = PBXBuildFile; fileRef = E84E6B381F2010FB007CF1A9 /* AFAutoPurgingImageCache.m */; };
		E84E6B4C1F2010FB007CF1A9 /* AFImageDownloader.m in Sources */ = {isa = PBXBuildFile; fileRef = E84E6B3A1F2010FB007CF1A9 /* AFImageDownloader.m */; };
		E84E6B4D1F2010FB007CF1A9 /* AFNetworkActivityIndicatorManager.m in Sources */ = {isa = PBXBuildFile; fileRef = E84E6B3C1F2010FB007CF1A9 /* AFNetworkActivityIndicatorManager.m */; };
		E84E6B4E1F2010FB007CF1A9 /* UIActivityIndicatorView+AFNetworking.m in Sources */ = {isa = PBXBuildFile; fileRef = E84E6B3E1F2010FB007CF1A9 /* UIActivityIndicatorView+AFNetworking.m */; };
		E84E6B4F1F2010FB007CF1A9 /* UIButton+AFNetworking.m in Sources */ = {isa = PBXBuildFile; fileRef = E84E6B401F2010FB007CF1A9 /* UIButton+AFNetworking.m */; };
		E84E6B501F2010FB007CF1A9 /* UIImageView+AFNetworking.m in Sources */ = {isa = PBXBuildFile; fileRef = E84E6B431F2010FB007CF1A9 /* UIImageView+AFNetworking.m */; };
		E84E6B511F2010FB007CF1A9 /* UIProgressView+AFNetworking.m in Sources */ = {isa = PBXBuildFile; fileRef = E84E6B461F2010FB007CF1A9 /* UIProgressView+AFNetworking.m */; };
		E84E6B521F2010FB007CF1A9 /* UIRefreshControl+AFNetworking.m in Sources */ = {isa = PBXBuildFile; fileRef = E84E6B481F2010FB007CF1A9 /* UIRefreshControl+AFNetworking.m */; };
		E84E6B531F2010FB007CF1A9 /* UIWebView+AFNetworking.m in Sources */ = {isa = PBXBuildFile; fileRef = E84E6B4A1F2010FB007CF1A9 /* UIWebView+AFNetworking.m */; };
/* End PBXBuildFile section */

/* Begin PBXFileReference section */
		E84E6B0C1F1FFBC8007CF1A9 /* Photo Search Example.app */ = {isa = PBXFileReference; explicitFileType = wrapper.application; includeInIndex = 0; path = "Photo Search Example.app"; sourceTree = BUILT_PRODUCTS_DIR; };
		E84E6B0F1F1FFBC8007CF1A9 /* AppDelegate.swift */ = {isa = PBXFileReference; lastKnownFileType = sourcecode.swift; path = AppDelegate.swift; sourceTree = "<group>"; };
		E84E6B111F1FFBC8007CF1A9 /* ViewController.swift */ = {isa = PBXFileReference; lastKnownFileType = sourcecode.swift; path = ViewController.swift; sourceTree = "<group>"; };
		E84E6B141F1FFBC8007CF1A9 /* Base */ = {isa = PBXFileReference; lastKnownFileType = file.storyboard; name = Base; path = Base.lproj/Main.storyboard; sourceTree = "<group>"; };
		E84E6B161F1FFBC8007CF1A9 /* Assets.xcassets */ = {isa = PBXFileReference; lastKnownFileType = folder.assetcatalog; path = Assets.xcassets; sourceTree = "<group>"; };
		E84E6B191F1FFBC8007CF1A9 /* Base */ = {isa = PBXFileReference; lastKnownFileType = file.storyboard; name = Base; path = Base.lproj/LaunchScreen.storyboard; sourceTree = "<group>"; };
		E84E6B1B1F1FFBC8007CF1A9 /* Info.plist */ = {isa = PBXFileReference; lastKnownFileType = text.plist.xml; path = Info.plist; sourceTree = "<group>"; };
		E84E6B221F1FFD25007CF1A9 /* AFHTTPSessionManager.h */ = {isa = PBXFileReference; fileEncoding = 4; lastKnownFileType = sourcecode.c.h; path = AFHTTPSessionManager.h; sourceTree = "<group>"; };
		E84E6B231F1FFD25007CF1A9 /* AFHTTPSessionManager.m */ = {isa = PBXFileReference; fileEncoding = 4; lastKnownFileType = sourcecode.c.objc; path = AFHTTPSessionManager.m; sourceTree = "<group>"; };
		E84E6B241F1FFD25007CF1A9 /* AFNetworking.h */ = {isa = PBXFileReference; fileEncoding = 4; lastKnownFileType = sourcecode.c.h; path = AFNetworking.h; sourceTree = "<group>"; };
		E84E6B251F1FFD25007CF1A9 /* AFNetworkReachabilityManager.h */ = {isa = PBXFileReference; fileEncoding = 4; lastKnownFileType = sourcecode.c.h; path = AFNetworkReachabilityManager.h; sourceTree = "<group>"; };
		E84E6B261F1FFD25007CF1A9 /* AFNetworkReachabilityManager.m */ = {isa = PBXFileReference; fileEncoding = 4; lastKnownFileType = sourcecode.c.objc; path = AFNetworkReachabilityManager.m; sourceTree = "<group>"; };
		E84E6B271F1FFD25007CF1A9 /* AFSecurityPolicy.h */ = {isa = PBXFileReference; fileEncoding = 4; lastKnownFileType = sourcecode.c.h; path = AFSecurityPolicy.h; sourceTree = "<group>"; };
		E84E6B281F1FFD25007CF1A9 /* AFSecurityPolicy.m */ = {isa = PBXFileReference; fileEncoding = 4; lastKnownFileType = sourcecode.c.objc; path = AFSecurityPolicy.m; sourceTree = "<group>"; };
		E84E6B291F1FFD25007CF1A9 /* AFURLRequestSerialization.h */ = {isa = PBXFileReference; fileEncoding = 4; lastKnownFileType = sourcecode.c.h; path = AFURLRequestSerialization.h; sourceTree = "<group>"; };
		E84E6B2A1F1FFD25007CF1A9 /* AFURLRequestSerialization.m */ = {isa = PBXFileReference; fileEncoding = 4; lastKnownFileType = sourcecode.c.objc; path = AFURLRequestSerialization.m; sourceTree = "<group>"; };
		E84E6B2B1F1FFD25007CF1A9 /* AFURLResponseSerialization.h */ = {isa = PBXFileReference; fileEncoding = 4; lastKnownFileType = sourcecode.c.h; path = AFURLResponseSerialization.h; sourceTree = "<group>"; };
		E84E6B2C1F1FFD25007CF1A9 /* AFURLResponseSerialization.m */ = {isa = PBXFileReference; fileEncoding = 4; lastKnownFileType = sourcecode.c.objc; path = AFURLResponseSerialization.m; sourceTree = "<group>"; };
		E84E6B2D1F1FFD25007CF1A9 /* AFURLSessionManager.h */ = {isa = PBXFileReference; fileEncoding = 4; lastKnownFileType = sourcecode.c.h; path = AFURLSessionManager.h; sourceTree = "<group>"; };
		E84E6B2E1F1FFD25007CF1A9 /* AFURLSessionManager.m */ = {isa = PBXFileReference; fileEncoding = 4; lastKnownFileType = sourcecode.c.objc; path = AFURLSessionManager.m; sourceTree = "<group>"; };
		E84E6B351F1FFD4D007CF1A9 /* bridge.h */ = {isa = PBXFileReference; fileEncoding = 4; lastKnownFileType = sourcecode.c.h; name = bridge.h; path = ../bridge.h; sourceTree = "<group>"; };
		E84E6B371F2010FB007CF1A9 /* AFAutoPurgingImageCache.h */ = {isa = PBXFileReference; fileEncoding = 4; lastKnownFileType = sourcecode.c.h; path = AFAutoPurgingImageCache.h; sourceTree = "<group>"; };
		E84E6B381F2010FB007CF1A9 /* AFAutoPurgingImageCache.m */ = {isa = PBXFileReference; fileEncoding = 4; lastKnownFileType = sourcecode.c.objc; path = AFAutoPurgingImageCache.m; sourceTree = "<group>"; };
		E84E6B391F2010FB007CF1A9 /* AFImageDownloader.h */ = {isa = PBXFileReference; fileEncoding = 4; lastKnownFileType = sourcecode.c.h; path = AFImageDownloader.h; sourceTree = "<group>"; };
		E84E6B3A1F2010FB007CF1A9 /* AFImageDownloader.m */ = {isa = PBXFileReference; fileEncoding = 4; lastKnownFileType = sourcecode.c.objc; path = AFImageDownloader.m; sourceTree = "<group>"; };
		E84E6B3B1F2010FB007CF1A9 /* AFNetworkActivityIndicatorManager.h */ = {isa = PBXFileReference; fileEncoding = 4; lastKnownFileType = sourcecode.c.h; path = AFNetworkActivityIndicatorManager.h; sourceTree = "<group>"; };
		E84E6B3C1F2010FB007CF1A9 /* AFNetworkActivityIndicatorManager.m */ = {isa = PBXFileReference; fileEncoding = 4; lastKnownFileType = sourcecode.c.objc; path = AFNetworkActivityIndicatorManager.m; sourceTree = "<group>"; };
		E84E6B3D1F2010FB007CF1A9 /* UIActivityIndicatorView+AFNetworking.h */ = {isa = PBXFileReference; fileEncoding = 4; lastKnownFileType = sourcecode.c.h; path = "UIActivityIndicatorView+AFNetworking.h"; sourceTree = "<group>"; };
		E84E6B3E1F2010FB007CF1A9 /* UIActivityIndicatorView+AFNetworking.m */ = {isa = PBXFileReference; fileEncoding = 4; lastKnownFileType = sourcecode.c.objc; path = "UIActivityIndicatorView+AFNetworking.m"; sourceTree = "<group>"; };
		E84E6B3F1F2010FB007CF1A9 /* UIButton+AFNetworking.h */ = {isa = PBXFileReference; fileEncoding = 4; lastKnownFileType = sourcecode.c.h; path = "UIButton+AFNetworking.h"; sourceTree = "<group>"; };
		E84E6B401F2010FB007CF1A9 /* UIButton+AFNetworking.m */ = {isa = PBXFileReference; fileEncoding = 4; lastKnownFileType = sourcecode.c.objc; path = "UIButton+AFNetworking.m"; sourceTree = "<group>"; };
		E84E6B411F2010FB007CF1A9 /* UIImage+AFNetworking.h */ = {isa = PBXFileReference; fileEncoding = 4; lastKnownFileType = sourcecode.c.h; path = "UIImage+AFNetworking.h"; sourceTree = "<group>"; };
		E84E6B421F2010FB007CF1A9 /* UIImageView+AFNetworking.h */ = {isa = PBXFileReference; fileEncoding = 4; lastKnownFileType = sourcecode.c.h; path = "UIImageView+AFNetworking.h"; sourceTree = "<group>"; };
		E84E6B431F2010FB007CF1A9 /* UIImageView+AFNetworking.m */ = {isa = PBXFileReference; fileEncoding = 4; lastKnownFileType = sourcecode.c.objc; path = "UIImageView+AFNetworking.m"; sourceTree = "<group>"; };
		E84E6B441F2010FB007CF1A9 /* UIKit+AFNetworking.h */ = {isa = PBXFileReference; fileEncoding = 4; lastKnownFileType = sourcecode.c.h; path = "UIKit+AFNetworking.h"; sourceTree = "<group>"; };
		E84E6B451F2010FB007CF1A9 /* UIProgressView+AFNetworking.h */ = {isa = PBXFileReference; fileEncoding = 4; lastKnownFileType = sourcecode.c.h; path = "UIProgressView+AFNetworking.h"; sourceTree = "<group>"; };
		E84E6B461F2010FB007CF1A9 /* UIProgressView+AFNetworking.m */ = {isa = PBXFileReference; fileEncoding = 4; lastKnownFileType = sourcecode.c.objc; path = "UIProgressView+AFNetworking.m"; sourceTree = "<group>"; };
		E84E6B471F2010FB007CF1A9 /* UIRefreshControl+AFNetworking.h */ = {isa = PBXFileReference; fileEncoding = 4; lastKnownFileType = sourcecode.c.h; path = "UIRefreshControl+AFNetworking.h"; sourceTree = "<group>"; };
		E84E6B481F2010FB007CF1A9 /* UIRefreshControl+AFNetworking.m */ = {isa = PBXFileReference; fileEncoding = 4; lastKnownFileType = sourcecode.c.objc; path = "UIRefreshControl+AFNetworking.m"; sourceTree = "<group>"; };
		E84E6B491F2010FB007CF1A9 /* UIWebView+AFNetworking.h */ = {isa = PBXFileReference; fileEncoding = 4; lastKnownFileType = sourcecode.c.h; path = "UIWebView+AFNetworking.h"; sourceTree = "<group>"; };
		E84E6B4A1F2010FB007CF1A9 /* UIWebView+AFNetworking.m */ = {isa = PBXFileReference; fileEncoding = 4; lastKnownFileType = sourcecode.c.objc; path = "UIWebView+AFNetworking.m"; sourceTree = "<group>"; };
/* End PBXFileReference section */

/* Begin PBXFrameworksBuildPhase section */
		E84E6B091F1FFBC8007CF1A9 /* Frameworks */ = {
			isa = PBXFrameworksBuildPhase;
			buildActionMask = 2147483647;
			files = (
			);
			runOnlyForDeploymentPostprocessing = 0;
		};
/* End PBXFrameworksBuildPhase section */

/* Begin PBXGroup section */
		E84E6B031F1FFBC8007CF1A9 = {
			isa = PBXGroup;
			children = (
				E84E6B361F2010FB007CF1A9 /* UIKit+AFNetworking */,
				E84E6B211F1FFD25007CF1A9 /* AFNetworking */,
				E84E6B0E1F1FFBC8007CF1A9 /* Photo Search Example */,
				E84E6B0D1F1FFBC8007CF1A9 /* Products */,
			);
			sourceTree = "<group>";
		};
		E84E6B0D1F1FFBC8007CF1A9 /* Products */ = {
			isa = PBXGroup;
			children = (
				E84E6B0C1F1FFBC8007CF1A9 /* Photo Search Example.app */,
			);
			name = Products;
			sourceTree = "<group>";
		};
		E84E6B0E1F1FFBC8007CF1A9 /* Photo Search Example */ = {
			isa = PBXGroup;
			children = (
				E84E6B351F1FFD4D007CF1A9 /* bridge.h */,
				E84E6B0F1F1FFBC8007CF1A9 /* AppDelegate.swift */,
				E84E6B111F1FFBC8007CF1A9 /* ViewController.swift */,
				E84E6B131F1FFBC8007CF1A9 /* Main.storyboard */,
				E84E6B161F1FFBC8007CF1A9 /* Assets.xcassets */,
				E84E6B181F1FFBC8007CF1A9 /* LaunchScreen.storyboard */,
				E84E6B1B1F1FFBC8007CF1A9 /* Info.plist */,
			);
			path = "Photo Search Example";
			sourceTree = "<group>";
		};
		E84E6B211F1FFD25007CF1A9 /* AFNetworking */ = {
			isa = PBXGroup;
			children = (
				E84E6B241F1FFD25007CF1A9 /* AFNetworking.h */,
				E84E6B221F1FFD25007CF1A9 /* AFHTTPSessionManager.h */,
				E84E6B231F1FFD25007CF1A9 /* AFHTTPSessionManager.m */,
				E84E6B251F1FFD25007CF1A9 /* AFNetworkReachabilityManager.h */,
				E84E6B261F1FFD25007CF1A9 /* AFNetworkReachabilityManager.m */,
				E84E6B271F1FFD25007CF1A9 /* AFSecurityPolicy.h */,
				E84E6B281F1FFD25007CF1A9 /* AFSecurityPolicy.m */,
				E84E6B291F1FFD25007CF1A9 /* AFURLRequestSerialization.h */,
				E84E6B2A1F1FFD25007CF1A9 /* AFURLRequestSerialization.m */,
				E84E6B2B1F1FFD25007CF1A9 /* AFURLResponseSerialization.h */,
				E84E6B2C1F1FFD25007CF1A9 /* AFURLResponseSerialization.m */,
				E84E6B2D1F1FFD25007CF1A9 /* AFURLSessionManager.h */,
				E84E6B2E1F1FFD25007CF1A9 /* AFURLSessionManager.m */,
			);
			name = AFNetworking;
			path = AFNetworking2;
			sourceTree = "<group>";
		};
		E84E6B361F2010FB007CF1A9 /* UIKit+AFNetworking */ = {
			isa = PBXGroup;
			children = (
				E84E6B371F2010FB007CF1A9 /* AFAutoPurgingImageCache.h */,
				E84E6B381F2010FB007CF1A9 /* AFAutoPurgingImageCache.m */,
				E84E6B391F2010FB007CF1A9 /* AFImageDownloader.h */,
				E84E6B3A1F2010FB007CF1A9 /* AFImageDownloader.m */,
				E84E6B3B1F2010FB007CF1A9 /* AFNetworkActivityIndicatorManager.h */,
				E84E6B3C1F2010FB007CF1A9 /* AFNetworkActivityIndicatorManager.m */,
				E84E6B3D1F2010FB007CF1A9 /* UIActivityIndicatorView+AFNetworking.h */,
				E84E6B3E1F2010FB007CF1A9 /* UIActivityIndicatorView+AFNetworking.m */,
				E84E6B3F1F2010FB007CF1A9 /* UIButton+AFNetworking.h */,
				E84E6B401F2010FB007CF1A9 /* UIButton+AFNetworking.m */,
				E84E6B411F2010FB007CF1A9 /* UIImage+AFNetworking.h */,
				E84E6B421F2010FB007CF1A9 /* UIImageView+AFNetworking.h */,
				E84E6B431F2010FB007CF1A9 /* UIImageView+AFNetworking.m */,
				E84E6B441F2010FB007CF1A9 /* UIKit+AFNetworking.h */,
				E84E6B451F2010FB007CF1A9 /* UIProgressView+AFNetworking.h */,
				E84E6B461F2010FB007CF1A9 /* UIProgressView+AFNetworking.m */,
				E84E6B471F2010FB007CF1A9 /* UIRefreshControl+AFNetworking.h */,
				E84E6B481F2010FB007CF1A9 /* UIRefreshControl+AFNetworking.m */,
				E84E6B491F2010FB007CF1A9 /* UIWebView+AFNetworking.h */,
				E84E6B4A1F2010FB007CF1A9 /* UIWebView+AFNetworking.m */,
			);
			path = "UIKit+AFNetworking";
			sourceTree = "<group>";
		};
/* End PBXGroup section */

/* Begin PBXNativeTarget section */
		E84E6B0B1F1FFBC8007CF1A9 /* Photo Search Example */ = {
			isa = PBXNativeTarget;
			buildConfigurationList = E84E6B1E1F1FFBC8007CF1A9 /* Build configuration list for PBXNativeTarget "Photo Search Example" */;
			buildPhases = (
				E84E6B081F1FFBC8007CF1A9 /* Sources */,
				E84E6B091F1FFBC8007CF1A9 /* Frameworks */,
				E84E6B0A1F1FFBC8007CF1A9 /* Resources */,
			);
			buildRules = (
			);
			dependencies = (
			);
			name = "Photo Search Example";
			productName = "Photo Search Example";
			productReference = E84E6B0C1F1FFBC8007CF1A9 /* Photo Search Example.app */;
			productType = "com.apple.product-type.application";
		};
/* End PBXNativeTarget section */

/* Begin PBXProject section */
		E84E6B041F1FFBC8007CF1A9 /* Project object */ = {
			isa = PBXProject;
			attributes = {
				LastSwiftUpdateCheck = 0830;
				LastUpgradeCheck = 0830;
				ORGANIZATIONNAME = "Stephanie Chamblee";
				TargetAttributes = {
					E84E6B0B1F1FFBC8007CF1A9 = {
						CreatedOnToolsVersion = 8.3.3;
						ProvisioningStyle = Automatic;
					};
				};
			};
			buildConfigurationList = E84E6B071F1FFBC8007CF1A9 /* Build configuration list for PBXProject "Photo Search Example" */;
			compatibilityVersion = "Xcode 3.2";
			developmentRegion = English;
			hasScannedForEncodings = 0;
			knownRegions = (
				en,
				Base,
			);
			mainGroup = E84E6B031F1FFBC8007CF1A9;
			productRefGroup = E84E6B0D1F1FFBC8007CF1A9 /* Products */;
			projectDirPath = "";
			projectRoot = "";
			targets = (
				E84E6B0B1F1FFBC8007CF1A9 /* Photo Search Example */,
			);
		};
/* End PBXProject section */

/* Begin PBXResourcesBuildPhase section */
		E84E6B0A1F1FFBC8007CF1A9 /* Resources */ = {
			isa = PBXResourcesBuildPhase;
			buildActionMask = 2147483647;
			files = (
				E84E6B1A1F1FFBC8007CF1A9 /* LaunchScreen.storyboard in Resources */,
				E84E6B171F1FFBC8007CF1A9 /* Assets.xcassets in Resources */,
				E84E6B151F1FFBC8007CF1A9 /* Main.storyboard in Resources */,
			);
			runOnlyForDeploymentPostprocessing = 0;
		};
/* End PBXResourcesBuildPhase section */

/* Begin PBXSourcesBuildPhase section */
		E84E6B081F1FFBC8007CF1A9 /* Sources */ = {
			isa = PBXSourcesBuildPhase;
			buildActionMask = 2147483647;
			files = (
				E84E6B2F1F1FFD25007CF1A9 /* AFHTTPSessionManager.m in Sources */,
				E84E6B341F1FFD25007CF1A9 /* AFURLSessionManager.m in Sources */,
				E84E6B521F2010FB007CF1A9 /* UIRefreshControl+AFNetworking.m in Sources */,
				E84E6B311F1FFD25007CF1A9 /* AFSecurityPolicy.m in Sources */,
				E84E6B121F1FFBC8007CF1A9 /* ViewController.swift in Sources */,
				E84E6B511F2010FB007CF1A9 /* UIProgressView+AFNetworking.m in Sources */,
				E84E6B4D1F2010FB007CF1A9 /* AFNetworkActivityIndicatorManager.m in Sources */,
				E84E6B501F2010FB007CF1A9 /* UIImageView+AFNetworking.m in Sources */,
				E84E6B321F1FFD25007CF1A9 /* AFURLRequestSerialization.m in Sources */,
				E84E6B4E1F2010FB007CF1A9 /* UIActivityIndicatorView+AFNetworking.m in Sources */,
				E84E6B531F2010FB007CF1A9 /* UIWebView+AFNetworking.m in Sources */,
				E84E6B301F1FFD25007CF1A9 /* AFNetworkReachabilityManager.m in Sources */,
				E84E6B4B1F2010FB007CF1A9 /* AFAutoPurgingImageCache.m in Sources */,
				E84E6B4C1F2010FB007CF1A9 /* AFImageDownloader.m in Sources */,
				E84E6B331F1FFD25007CF1A9 /* AFURLResponseSerialization.m in Sources */,
				E84E6B4F1F2010FB007CF1A9 /* UIButton+AFNetworking.m in Sources */,
				E84E6B101F1FFBC8007CF1A9 /* AppDelegate.swift in Sources */,
			);
			runOnlyForDeploymentPostprocessing = 0;
		};
/* End PBXSourcesBuildPhase section */

/* Begin PBXVariantGroup section */
		E84E6B131F1FFBC8007CF1A9 /* Main.storyboard */ = {
			isa = PBXVariantGroup;
			children = (
				E84E6B141F1FFBC8007CF1A9 /* Base */,
			);
			name = Main.storyboard;
			sourceTree = "<group>";
		};
		E84E6B181F1FFBC8007CF1A9 /* LaunchScreen.storyboard */ = {
			isa = PBXVariantGroup;
			children = (
				E84E6B191F1FFBC8007CF1A9 /* Base */,
			);
			name = LaunchScreen.storyboard;
			sourceTree = "<group>";
		};
/* End PBXVariantGroup section */

/* Begin XCBuildConfiguration section */
		E84E6B1C1F1FFBC8007CF1A9 /* Debug */ = {
			isa = XCBuildConfiguration;
			buildSettings = {
				ALWAYS_SEARCH_USER_PATHS = NO;
				CLANG_ANALYZER_NONNULL = YES;
				CLANG_ANALYZER_NUMBER_OBJECT_CONVERSION = YES_AGGRESSIVE;
				CLANG_CXX_LANGUAGE_STANDARD = "gnu++0x";
				CLANG_CXX_LIBRARY = "libc++";
				CLANG_ENABLE_MODULES = YES;
				CLANG_ENABLE_OBJC_ARC = YES;
				CLANG_WARN_BOOL_CONVERSION = YES;
				CLANG_WARN_CONSTANT_CONVERSION = YES;
				CLANG_WARN_DIRECT_OBJC_ISA_USAGE = YES_ERROR;
				CLANG_WARN_DOCUMENTATION_COMMENTS = YES;
				CLANG_WARN_EMPTY_BODY = YES;
				CLANG_WARN_ENUM_CONVERSION = YES;
				CLANG_WARN_INFINITE_RECURSION = YES;
				CLANG_WARN_INT_CONVERSION = YES;
				CLANG_WARN_OBJC_ROOT_CLASS = YES_ERROR;
				CLANG_WARN_SUSPICIOUS_MOVE = YES;
				CLANG_WARN_UNREACHABLE_CODE = YES;
				CLANG_WARN__DUPLICATE_METHOD_MATCH = YES;
				"CODE_SIGN_IDENTITY[sdk=iphoneos*]" = "iPhone Developer";
				COPY_PHASE_STRIP = NO;
				DEBUG_INFORMATION_FORMAT = dwarf;
				ENABLE_STRICT_OBJC_MSGSEND = YES;
				ENABLE_TESTABILITY = YES;
				GCC_C_LANGUAGE_STANDARD = gnu99;
				GCC_DYNAMIC_NO_PIC = NO;
				GCC_NO_COMMON_BLOCKS = YES;
				GCC_OPTIMIZATION_LEVEL = 0;
				GCC_PREPROCESSOR_DEFINITIONS = (
					"DEBUG=1",
					"$(inherited)",
				);
				GCC_WARN_64_TO_32_BIT_CONVERSION = YES;
				GCC_WARN_ABOUT_RETURN_TYPE = YES_ERROR;
				GCC_WARN_UNDECLARED_SELECTOR = YES;
				GCC_WARN_UNINITIALIZED_AUTOS = YES_AGGRESSIVE;
				GCC_WARN_UNUSED_FUNCTION = YES;
				GCC_WARN_UNUSED_VARIABLE = YES;
				IPHONEOS_DEPLOYMENT_TARGET = 10.3;
				MTL_ENABLE_DEBUG_INFO = YES;
				ONLY_ACTIVE_ARCH = YES;
				SDKROOT = iphoneos;
				SWIFT_ACTIVE_COMPILATION_CONDITIONS = DEBUG;
				SWIFT_OPTIMIZATION_LEVEL = "-Onone";
				TARGETED_DEVICE_FAMILY = "1,2";
			};
			name = Debug;
		};
		E84E6B1D1F1FFBC8007CF1A9 /* Release */ = {
			isa = XCBuildConfiguration;
			buildSettings = {
				ALWAYS_SEARCH_USER_PATHS = NO;
				CLANG_ANALYZER_NONNULL = YES;
				CLANG_ANALYZER_NUMBER_OBJECT_CONVERSION = YES_AGGRESSIVE;
				CLANG_CXX_LANGUAGE_STANDARD = "gnu++0x";
				CLANG_CXX_LIBRARY = "libc++";
				CLANG_ENABLE_MODULES = YES;
				CLANG_ENABLE_OBJC_ARC = YES;
				CLANG_WARN_BOOL_CONVERSION = YES;
				CLANG_WARN_CONSTANT_CONVERSION = YES;
				CLANG_WARN_DIRECT_OBJC_ISA_USAGE = YES_ERROR;
				CLANG_WARN_DOCUMENTATION_COMMENTS = YES;
				CLANG_WARN_EMPTY_BODY = YES;
				CLANG_WARN_ENUM_CONVERSION = YES;
				CLANG_WARN_INFINITE_RECURSION = YES;
				CLANG_WARN_INT_CONVERSION = YES;
				CLANG_WARN_OBJC_ROOT_CLASS = YES_ERROR;
				CLANG_WARN_SUSPICIOUS_MOVE = YES;
				CLANG_WARN_UNREACHABLE_CODE = YES;
				CLANG_WARN__DUPLICATE_METHOD_MATCH = YES;
				"CODE_SIGN_IDENTITY[sdk=iphoneos*]" = "iPhone Developer";
				COPY_PHASE_STRIP = NO;
				DEBUG_INFORMATION_FORMAT = "dwarf-with-dsym";
				ENABLE_NS_ASSERTIONS = NO;
				ENABLE_STRICT_OBJC_MSGSEND = YES;
				GCC_C_LANGUAGE_STANDARD = gnu99;
				GCC_NO_COMMON_BLOCKS = YES;
				GCC_WARN_64_TO_32_BIT_CONVERSION = YES;
				GCC_WARN_ABOUT_RETURN_TYPE = YES_ERROR;
				GCC_WARN_UNDECLARED_SELECTOR = YES;
				GCC_WARN_UNINITIALIZED_AUTOS = YES_AGGRESSIVE;
				GCC_WARN_UNUSED_FUNCTION = YES;
				GCC_WARN_UNUSED_VARIABLE = YES;
				IPHONEOS_DEPLOYMENT_TARGET = 10.3;
				MTL_ENABLE_DEBUG_INFO = NO;
				SDKROOT = iphoneos;
				SWIFT_OPTIMIZATION_LEVEL = "-Owholemodule";
				TARGETED_DEVICE_FAMILY = "1,2";
				VALIDATE_PRODUCT = YES;
			};
			name = Release;
		};
		E84E6B1F1F1FFBC8007CF1A9 /* Debug */ = {
			isa = XCBuildConfiguration;
			buildSettings = {
				ASSETCATALOG_COMPILER_APPICON_NAME = AppIcon;
				DEFINES_MODULE = YES;
				INFOPLIST_FILE = "Photo Search Example/Info.plist";
				LD_RUNPATH_SEARCH_PATHS = "$(inherited) @executable_path/Frameworks";
				PRODUCT_BUNDLE_IDENTIFIER = "Stephanie.Photo-Search-Example";
				PRODUCT_NAME = "$(TARGET_NAME)";
				SWIFT_OBJC_BRIDGING_HEADER = bridge.h;
				SWIFT_VERSION = 3.0;
			};
			name = Debug;
		};
		E84E6B201F1FFBC8007CF1A9 /* Release */ = {
			isa = XCBuildConfiguration;
			buildSettings = {
				ASSETCATALOG_COMPILER_APPICON_NAME = AppIcon;
				DEFINES_MODULE = YES;
				INFOPLIST_FILE = "Photo Search Example/Info.plist";
				LD_RUNPATH_SEARCH_PATHS = "$(inherited) @executable_path/Frameworks";
				PRODUCT_BUNDLE_IDENTIFIER = "Stephanie.Photo-Search-Example";
				PRODUCT_NAME = "$(TARGET_NAME)";
				SWIFT_OBJC_BRIDGING_HEADER = bridge.h;
				SWIFT_VERSION = 3.0;
			};
			name = Release;
		};
/* End XCBuildConfiguration section */

/* Begin XCConfigurationList section */
		E84E6B071F1FFBC8007CF1A9 /* Build configuration list for PBXProject "Photo Search Example" */ = {
			isa = XCConfigurationList;
			buildConfigurations = (
				E84E6B1C1F1FFBC8007CF1A9 /* Debug */,
				E84E6B1D1F1FFBC8007CF1A9 /* Release */,
			);
			defaultConfigurationIsVisible = 0;
			defaultConfigurationName = Release;
		};
		E84E6B1E1F1FFBC8007CF1A9 /* Build configuration list for PBXNativeTarget "Photo Search Example" */ = {
			isa = XCConfigurationList;
			buildConfigurations = (
				E84E6B1F1F1FFBC8007CF1A9 /* Debug */,
				E84E6B201F1FFBC8007CF1A9 /* Release */,
			);
			defaultConfigurationIsVisible = 0;
		};
/* End XCConfigurationList section */
	};
	rootObject = E84E6B041F1FFBC8007CF1A9 /* Project object */;
}
